
Microsoft Visual Studio Solution File, Format Version 11.00
# Visual Studio 2010
Project("{2150E333-8FDC-42A3-9474-1A3956D46DE8}") = "aws", "aws", "{ED896060-060F-46D4-8467-0B2C6640A690}"
	ProjectSection(SolutionItems) = preProject
		..\aws\s3\s3.vcxproj = ..\aws\s3\s3.vcxproj
	EndProjectSection
EndProject
Project("{8BC9CEB8-8B4A-11D0-8D11-00A0C91BC942}") = "test", "..\test\test.vcxproj", "{591259DF-25BD-4070-A784-E404B44125A2}"
EndProject
Project("{2150E333-8FDC-42A3-9474-1A3956D46DE8}") = "third_party", "third_party", "{7D93EF9D-90E1-41EA-B619-7DDEBD5F1E06}"
EndProject
Project("{8BC9CEB8-8B4A-11D0-8D11-00A0C91BC942}") = "mongoose", "..\mongoose\mongoose.vcxproj", "{D64D071C-703B-4544-8DE2-A9FB9DF0A096}"
EndProject
Project("{8BC9CEB8-8B4A-11D0-8D11-00A0C91BC942}") = "cloudbox", "cloudbox.vcxproj", "{0B2E15A3-5236-4CC5-BD00-B1D42FC43A82}"
EndProject
Project("{8BC9CEB8-8B4A-11D0-8D11-00A0C91BC942}") = "gmock", "..\gmock\gmock.vcxproj", "{5E3C684D-F4B6-44BF-AEFA-CEBE9E053BC4}"
EndProject
Project("{2150E333-8FDC-42A3-9474-1A3956D46DE8}") = "v8", "v8", "{179D31F2-4AF2-493D-A802-F2A40701D307}"
EndProject
Project("{2150E333-8FDC-42A3-9474-1A3956D46DE8}") = "(third_party)", "(third_party)", "{C1AE5DEF-E507-4BF0-AB52-56B4024C1225}"
EndProject
Project("{2150E333-8FDC-42A3-9474-1A3956D46DE8}") = "(icu)", "(icu)", "{096A6F24-8A6C-4A18-8F0B-F8F6ED1CAA7B}"
EndProject
Project("{2150E333-8FDC-42A3-9474-1A3956D46DE8}") = "(tools)", "(tools)", "{13F55802-7763-4056-9338-E613FCA8C3AC}"
EndProject
Project("{2150E333-8FDC-42A3-9474-1A3956D46DE8}") = "(gyp)", "(gyp)", "{9E63C7F6-B634-4B9B-ADD9-16DB060FC539}"
EndProject
Project("{8BC9CEB8-8B4A-11D0-8D11-00A0C91BC942}") = "icudata", "..\third_party\v8-3.24.39\third_party\icu\icudata.vcxproj", "{BE68ED2D-AEC1-045A-0133-1DA0A5B17070}"
EndProject
Project("{8BC9CEB8-8B4A-11D0-8D11-00A0C91BC942}") = "icui18n", "..\third_party\v8-3.24.39\third_party\icu\icui18n.vcxproj", "{B2988131-61F5-D8CB-7F79-898DCEAD2438}"
EndProject
Project("{8BC9CEB8-8B4A-11D0-8D11-00A0C91BC942}") = "icuuc", "..\third_party\v8-3.24.39\third_party\icu\icuuc.vcxproj", "{8C637505-B3C3-3D12-6C72-86329A2B463A}"
EndProject
Project("{8BC9CEB8-8B4A-11D0-8D11-00A0C91BC942}") = "generate_trig_table", "..\third_party\v8-3.24.39\tools\gyp\generate_trig_table.vcxproj", "{1B815A0C-A282-E090-EFEB-0D47A0629C83}"
EndProject
Project("{8BC9CEB8-8B4A-11D0-8D11-00A0C91BC942}") = "js2c", "..\third_party\v8-3.24.39\tools\gyp\js2c.vcxproj", "{C06D0C6F-0544-CE27-1A70-A8B9D4CC07F9}"
EndProject
Project("{8BC9CEB8-8B4A-11D0-8D11-00A0C91BC942}") = "mksnapshot.ia32", "..\third_party\v8-3.24.39\tools\gyp\mksnapshot.ia32.vcxproj", "{4E6B0A78-9255-DDA0-FE90-09D09CC24568}"
EndProject
Project("{8BC9CEB8-8B4A-11D0-8D11-00A0C91BC942}") = "v8", "..\third_party\v8-3.24.39\tools\gyp\v8.vcxproj", "{5CBA7E91-2A4A-195B-373A-62BC67D7B4E9}"
EndProject
Project("{8BC9CEB8-8B4A-11D0-8D11-00A0C91BC942}") = "v8_base.ia32", "..\third_party\v8-3.24.39\tools\gyp\v8_base.ia32.vcxproj", "{D040C1B1-1F9E-8801-CBC7-B3C0CA170F7C}"
EndProject
Project("{8BC9CEB8-8B4A-11D0-8D11-00A0C91BC942}") = "v8_nosnapshot.ia32", "..\third_party\v8-3.24.39\tools\gyp\v8_nosnapshot.ia32.vcxproj", "{5F413143-BFB3-F8B5-E7D4-8A73B6743DDC}"
EndProject
Project("{8BC9CEB8-8B4A-11D0-8D11-00A0C91BC942}") = "v8_snapshot", "..\third_party\v8-3.24.39\tools\gyp\v8_snapshot.vcxproj", "{1F38F785-ADC4-5969-69E4-814E909C46BA}"
EndProject
Project("{8BC9CEB8-8B4A-11D0-8D11-00A0C91BC942}") = "cloudbox_lib", "..\cloudbox_lib\cloudbox_lib.vcxproj", "{C0BEA767-90E7-4DD2-AB83-868642FE1F8C}"
EndProject
Global
	GlobalSection(SolutionConfigurationPlatforms) = preSolution
		Debug|Win32 = Debug|Win32
		Release|Win32 = Release|Win32
	EndGlobalSection
	GlobalSection(ProjectConfigurationPlatforms) = postSolution
		{591259DF-25BD-4070-A784-E404B44125A2}.Debug|Win32.ActiveCfg = Debug|Win32
		{591259DF-25BD-4070-A784-E404B44125A2}.Debug|Win32.Build.0 = Debug|Win32
		{591259DF-25BD-4070-A784-E404B44125A2}.Release|Win32.ActiveCfg = Release|Win32
		{591259DF-25BD-4070-A784-E404B44125A2}.Release|Win32.Build.0 = Release|Win32
		{D64D071C-703B-4544-8DE2-A9FB9DF0A096}.Debug|Win32.ActiveCfg = Debug|Win32
		{D64D071C-703B-4544-8DE2-A9FB9DF0A096}.Debug|Win32.Build.0 = Debug|Win32
		{D64D071C-703B-4544-8DE2-A9FB9DF0A096}.Release|Win32.ActiveCfg = Release|Win32
		{D64D071C-703B-4544-8DE2-A9FB9DF0A096}.Release|Win32.Build.0 = Release|Win32
		{0B2E15A3-5236-4CC5-BD00-B1D42FC43A82}.Debug|Win32.ActiveCfg = Debug|Win32
		{0B2E15A3-5236-4CC5-BD00-B1D42FC43A82}.Debug|Win32.Build.0 = Debug|Win32
		{0B2E15A3-5236-4CC5-BD00-B1D42FC43A82}.Release|Win32.ActiveCfg = Release|Win32
		{0B2E15A3-5236-4CC5-BD00-B1D42FC43A82}.Release|Win32.Build.0 = Release|Win32
		{5E3C684D-F4B6-44BF-AEFA-CEBE9E053BC4}.Debug|Win32.ActiveCfg = Debug|Win32
		{5E3C684D-F4B6-44BF-AEFA-CEBE9E053BC4}.Debug|Win32.Build.0 = Debug|Win32
		{5E3C684D-F4B6-44BF-AEFA-CEBE9E053BC4}.Release|Win32.ActiveCfg = Release|Win32
		{5E3C684D-F4B6-44BF-AEFA-CEBE9E053BC4}.Release|Win32.Build.0 = Release|Win32
		{BE68ED2D-AEC1-045A-0133-1DA0A5B17070}.Debug|Win32.ActiveCfg = Debug|Win32
		{BE68ED2D-AEC1-045A-0133-1DA0A5B17070}.Debug|Win32.Build.0 = Debug|Win32
		{BE68ED2D-AEC1-045A-0133-1DA0A5B17070}.Release|Win32.ActiveCfg = Release|Win32
		{BE68ED2D-AEC1-045A-0133-1DA0A5B17070}.Release|Win32.Build.0 = Release|Win32
		{B2988131-61F5-D8CB-7F79-898DCEAD2438}.Debug|Win32.ActiveCfg = Debug|Win32
		{B2988131-61F5-D8CB-7F79-898DCEAD2438}.Debug|Win32.Build.0 = Debug|Win32
		{B2988131-61F5-D8CB-7F79-898DCEAD2438}.Release|Win32.ActiveCfg = Release|Win32
		{B2988131-61F5-D8CB-7F79-898DCEAD2438}.Release|Win32.Build.0 = Release|Win32
		{8C637505-B3C3-3D12-6C72-86329A2B463A}.Debug|Win32.ActiveCfg = Debug|Win32
		{8C637505-B3C3-3D12-6C72-86329A2B463A}.Debug|Win32.Build.0 = Debug|Win32
		{8C637505-B3C3-3D12-6C72-86329A2B463A}.Release|Win32.ActiveCfg = Release|Win32
		{8C637505-B3C3-3D12-6C72-86329A2B463A}.Release|Win32.Build.0 = Release|Win32
		{1B815A0C-A282-E090-EFEB-0D47A0629C83}.Debug|Win32.ActiveCfg = Debug|Win32
		{1B815A0C-A282-E090-EFEB-0D47A0629C83}.Debug|Win32.Build.0 = Debug|Win32
		{1B815A0C-A282-E090-EFEB-0D47A0629C83}.Release|Win32.ActiveCfg = Release|Win32
		{1B815A0C-A282-E090-EFEB-0D47A0629C83}.Release|Win32.Build.0 = Release|Win32
		{C06D0C6F-0544-CE27-1A70-A8B9D4CC07F9}.Debug|Win32.ActiveCfg = Debug|Win32
		{C06D0C6F-0544-CE27-1A70-A8B9D4CC07F9}.Debug|Win32.Build.0 = Debug|Win32
		{C06D0C6F-0544-CE27-1A70-A8B9D4CC07F9}.Release|Win32.ActiveCfg = Release|Win32
		{C06D0C6F-0544-CE27-1A70-A8B9D4CC07F9}.Release|Win32.Build.0 = Release|Win32
		{4E6B0A78-9255-DDA0-FE90-09D09CC24568}.Debug|Win32.ActiveCfg = Debug|Win32
		{4E6B0A78-9255-DDA0-FE90-09D09CC24568}.Debug|Win32.Build.0 = Debug|Win32
		{4E6B0A78-9255-DDA0-FE90-09D09CC24568}.Release|Win32.ActiveCfg = Release|Win32
		{4E6B0A78-9255-DDA0-FE90-09D09CC24568}.Release|Win32.Build.0 = Release|Win32
		{5CBA7E91-2A4A-195B-373A-62BC67D7B4E9}.Debug|Win32.ActiveCfg = Debug|Win32
		{5CBA7E91-2A4A-195B-373A-62BC67D7B4E9}.Debug|Win32.Build.0 = Debug|Win32
		{5CBA7E91-2A4A-195B-373A-62BC67D7B4E9}.Release|Win32.ActiveCfg = Release|Win32
		{5CBA7E91-2A4A-195B-373A-62BC67D7B4E9}.Release|Win32.Build.0 = Release|Win32
		{D040C1B1-1F9E-8801-CBC7-B3C0CA170F7C}.Debug|Win32.ActiveCfg = Debug|Win32
		{D040C1B1-1F9E-8801-CBC7-B3C0CA170F7C}.Debug|Win32.Build.0 = Debug|Win32
		{D040C1B1-1F9E-8801-CBC7-B3C0CA170F7C}.Release|Win32.ActiveCfg = Release|Win32
		{D040C1B1-1F9E-8801-CBC7-B3C0CA170F7C}.Release|Win32.Build.0 = Release|Win32
		{5F413143-BFB3-F8B5-E7D4-8A73B6743DDC}.Debug|Win32.ActiveCfg = Debug|Win32
		{5F413143-BFB3-F8B5-E7D4-8A73B6743DDC}.Debug|Win32.Build.0 = Debug|Win32
		{5F413143-BFB3-F8B5-E7D4-8A73B6743DDC}.Release|Win32.ActiveCfg = Release|Win32
		{5F413143-BFB3-F8B5-E7D4-8A73B6743DDC}.Release|Win32.Build.0 = Release|Win32
		{1F38F785-ADC4-5969-69E4-814E909C46BA}.Debug|Win32.ActiveCfg = Debug|Win32
		{1F38F785-ADC4-5969-69E4-814E909C46BA}.Debug|Win32.Build.0 = Debug|Win32
		{1F38F785-ADC4-5969-69E4-814E909C46BA}.Release|Win32.ActiveCfg = Release|Win32
		{1F38F785-ADC4-5969-69E4-814E909C46BA}.Release|Win32.Build.0 = Release|Win32
		{C0BEA767-90E7-4DD2-AB83-868642FE1F8C}.Debug|Win32.ActiveCfg = Debug|Win32
		{C0BEA767-90E7-4DD2-AB83-868642FE1F8C}.Debug|Win32.Build.0 = Debug|Win32
		{C0BEA767-90E7-4DD2-AB83-868642FE1F8C}.Release|Win32.ActiveCfg = Release|Win32
		{C0BEA767-90E7-4DD2-AB83-868642FE1F8C}.Release|Win32.Build.0 = Release|Win32
	EndGlobalSection
	GlobalSection(SolutionProperties) = preSolution
		HideSolutionNode = FALSE
	EndGlobalSection
	GlobalSection(NestedProjects) = preSolution
		{D64D071C-703B-4544-8DE2-A9FB9DF0A096} = {7D93EF9D-90E1-41EA-B619-7DDEBD5F1E06}
		{5E3C684D-F4B6-44BF-AEFA-CEBE9E053BC4} = {7D93EF9D-90E1-41EA-B619-7DDEBD5F1E06}
		{179D31F2-4AF2-493D-A802-F2A40701D307} = {7D93EF9D-90E1-41EA-B619-7DDEBD5F1E06}
		{C1AE5DEF-E507-4BF0-AB52-56B4024C1225} = {179D31F2-4AF2-493D-A802-F2A40701D307}
		{13F55802-7763-4056-9338-E613FCA8C3AC} = {179D31F2-4AF2-493D-A802-F2A40701D307}
		{096A6F24-8A6C-4A18-8F0B-F8F6ED1CAA7B} = {C1AE5DEF-E507-4BF0-AB52-56B4024C1225}
		{BE68ED2D-AEC1-045A-0133-1DA0A5B17070} = {096A6F24-8A6C-4A18-8F0B-F8F6ED1CAA7B}
		{B2988131-61F5-D8CB-7F79-898DCEAD2438} = {096A6F24-8A6C-4A18-8F0B-F8F6ED1CAA7B}
		{8C637505-B3C3-3D12-6C72-86329A2B463A} = {096A6F24-8A6C-4A18-8F0B-F8F6ED1CAA7B}
		{9E63C7F6-B634-4B9B-ADD9-16DB060FC539} = {13F55802-7763-4056-9338-E613FCA8C3AC}
		{1B815A0C-A282-E090-EFEB-0D47A0629C83} = {9E63C7F6-B634-4B9B-ADD9-16DB060FC539}
		{C06D0C6F-0544-CE27-1A70-A8B9D4CC07F9} = {9E63C7F6-B634-4B9B-ADD9-16DB060FC539}
		{4E6B0A78-9255-DDA0-FE90-09D09CC24568} = {9E63C7F6-B634-4B9B-ADD9-16DB060FC539}
		{5CBA7E91-2A4A-195B-373A-62BC67D7B4E9} = {9E63C7F6-B634-4B9B-ADD9-16DB060FC539}
		{D040C1B1-1F9E-8801-CBC7-B3C0CA170F7C} = {9E63C7F6-B634-4B9B-ADD9-16DB060FC539}
		{5F413143-BFB3-F8B5-E7D4-8A73B6743DDC} = {9E63C7F6-B634-4B9B-ADD9-16DB060FC539}
		{1F38F785-ADC4-5969-69E4-814E909C46BA} = {9E63C7F6-B634-4B9B-ADD9-16DB060FC539}
	EndGlobalSection
EndGlobal
